github.com/RossMerr/beerjson.go v0.0.0-20200417221858-0a936dc6df8b h1:njZIOHKyb52ORI4Vi9JRuvp+uGppz7rIXV4prxkKT+s=
github.com/RossMerr/beerjson.go v0.0.0-20200417221858-0a936dc6df8b/go.mod h1:uqTh8rJJ8jwYByik2FAf2Gt2OVMPB//HFxv/H4hbSvw=
github.com/RossMerr/beerjson.go v0.0.0-20200429154840-b671e54d8cdb h1:afjJN5AybWHxaSbHUTTfejy5txmzOtd6i39KqoVekf8=
github.com/RossMerr/beerjson.go v0.0.0-20200429154840-b671e54d8cdb/go.mod h1:uqTh8rJJ8jwYByik2FAf2Gt2OVMPB//HFxv/H4hbSvw=
github.com/RossMerr/beerxml.go v0.0.0-20200419095241-1c057b07710e h1:PzAn4bmNVan7TzFMx9425nRfuNF6+quqbCfd1S1I2yw=
github.com/RossMerr/beerxml.go v0.0.0-20200419095241-1c057b07710e/go.mod h1:DTGt02O0bw1Ad5FMmRernwQmMYFnDD/vchyBi0EDsoM=
github.com/RossMerr/beerxml.go v0.0.0-20200429210517-9b2020dd67d9 h1:OrUlkN4ZkJ78R4r/w6QzmS5tVk1SKrkb5cy3sRTuDIg=
github.com/RossMerr/beerxml.go v0.0.0-20200429210517-9b2020dd67d9/go.mod h1:DTGt02O0bw1Ad5FMmRernwQmMYFnDD/vchyBi0EDsoM=
github.com/RossMerr/beerxml.go v0.0.0-20200429213841-cd42d5918ee5 h1:sMd6lcBkl8N0sUxV+DN1blXOqGW4py7rJ7pRackc01U=
github.com/RossMerr/beerxml.go v0.0.0-20200429213841-cd42d5918ee5/go.mod h1:DTGt02O0bw1Ad5FMmRernwQmMYFnDD/vchyBi0EDsoM=
github.com/RossMerr/beerxml.go v0.0.0-20200430132827-9058887eb4e9 h1:/2Vnt0TtZlsC5lkz8XeYhdgmGU1bSBQGMYH6VgStfv4=
github.com/RossMerr/beerxml.go v0.0.0-20200430132827-9058887eb4e9/go.mod h1:DTGt02O0bw1Ad5FMmRernwQmMYFnDD/vchyBi0EDsoM=
github.com/RossMerr/beerxml.go v0.0.0-20200430134433-c588016af917 h1:zWSmOKw8XWbd6+8k06qrqXKcrD3wQvM9GPP2GI0hjCQ=
github.com/RossMerr/beerxml.go v0.0.0-20200430134433-c588016af917/go.mod h1:DTGt02O0bw1Ad5FMmRernwQmMYFnDD/vchyBi0EDsoM=
github.com/RossMerr/beerxml.go v0.0.0-20200430134713-aefa6554daf8 h1:YJcaIdQbZs6lOjYaMUUS+4d4BkM2XgLLNTGr2y2pkmg=
github.com/RossMerr/beerxml.go v0.0.0-20200430134713-aefa6554daf8/go.mod h1:DTGt02O0bw1Ad5FMmRernwQmMYFnDD/vchyBi0EDsoM=
github.com/beerproto/beerjson.go v0.0.0-20200429154840-b671e54d8cdb h1:7cPE+jcmbmmA6x0p4BAcYmUs6nvU/UJE3rAr2ie9V40=
github.com/beerproto/beerjson.go v0.0.0-20200429154840-b671e54d8cdb/go.mod h1:ZK5yGcUHGDHt8jsZMWp0UCwkhO1GjiV4x07XLzz8StA=
github.com/beerproto/beerjson.go v0.0.0-20200515134641-6b68b6ff5624 h1:SI9MI1PnAJWcQDMlv4PD2LyVn7vbWyVXRfoZ5rYOk4s=
github.com/beerproto/beerjson.go v0.0.0-20200515134641-6b68b6ff5624/go.mod h1:HncpRFQe2OhyO1AueGG3sLNcijFE6us54f7AHYUFfYw=
github.com/beerproto/beerproto.go v1.0.2 h1:sw77t1AObAkCuVHZtx2ItcU2jsl1ZS3yAjC9kjDfvwg=
github.com/beerproto/beerproto.go v1.0.2/go.mod h1:NxMerYpzHSZ/pXFNuc9W6Ai7O7RW9rLVCVt9xxozLWw=
github.com/beerproto/beerxml.go v0.0.0-20200430134713-aefa6554daf8 h1:r4Kph0iJtHfdp21qlNBQoYTnrglQ03c779YSN3zgH+w=
github.com/beerproto/beerxml.go v0.0.0-20200430134713-aefa6554daf8/go.mod h1:vgQlBEPkvK7MHpPfYNQ1ivoXupihcpGGnbk6McHH2yI=
github.com/golang/protobuf v1.4.0-rc.1/go.mod h1:ceaxUfeHdC40wWswd/P6IGgMaK3YpKi5j83Wpe3EHw8=
github.com/golang/protobuf v1.4.0-rc.1.0.20200221234624-67d41d38c208/go.mod h1:xKAWHe0F5eneWXFV3EuXVDTCmh+JuBKY0li0aMyXATA=
github.com/golang/protobuf v1.4.0-rc.2/go.mod h1:LlEzMj4AhA7rCAGe4KMBDvJI+AwstrUpVNzEA03Pprs=
github.com/golang/protobuf v1.4.0-rc.4.0.20200313231945-b860323f09d0/go.mod h1:WU3c8KckQ9AFe+yFwt9sWVRKCVIyN9cPHBJSNnbL67w=
github.com/golang/protobuf v1.4.0 h1:oOuy+ugB+P/kBdUnG5QaMXSIyJ1q38wWSojYCb3z5VQ=
github.com/golang/protobuf v1.4.0/go.mod h1:jodUvKwWbYaEsadDk5Fwe5c77LiNKVO9IDvqG2KuDX0=
github.com/google/go-cmp v0.3.0/go.mod h1:8QqcDgzrUqlUb/G2PQTWiueGozuR1884gddMywk6iLU=
github.com/google/go-cmp v0.3.1/go.mod h1:8QqcDgzrUqlUb/G2PQTWiueGozuR1884gddMywk6iLU=
github.com/google/go-cmp v0.4.0/go.mod h1:v8dTdLbMG2kIc/vJvl+f65V22dbkXbowE6jgT/gNBxE=
golang.org/x/text v0.3.2 h1:tW2bmiBqwgJj/UpqtC8EpXEZVYOwU0yG4iWbprSVAcs=
golang.org/x/text v0.3.2/go.mod h1:bEr9sfX3Q8Zfm5fL9x+3itogRgK3+ptLWKqgva+5dAk=
golang.org/x/tools v0.0.0-20180917221912-90fa682c2a6e/go.mod h1:n7NCudcB/nEzxVGmLbDWY5pfWTLqBcC2KZ6jyYvM4mQ=
golang.org/x/xerrors v0.0.0-20191204190536-9bdfabe68543/go.mod h1:I/5z698sn9Ka8TeJc9MKroUUfqBBauWjQqLJ2OPfmY0=
google.golang.org/protobuf v0.0.0-20200109180630-ec00e32a8dfd/go.mod h1:DFci5gLYBciE7Vtevhsrf46CRTquxDuWsQurQQe4oz8=
google.golang.org/protobuf v0.0.0-20200221191635-4d8936d0db64/go.mod h1:kwYJMbMJ01Woi6D6+Kah6886xMZcty6N08ah7+eCXa0=
google.golang.org/protobuf v0.0.0-20200228230310-ab0ca4ff8a60/go.mod h1:cfTl7dwQJ+fmap5saPgwCLgHXTUD7jkjRqWcaiX5VyM=
google.golang.org/protobuf v1.20.1-0.20200309200217-e05f789c0967/go.mod h1:A+miEFZTKqfCUM6K7xSMQL9OKL/b6hQv+e19PK+JZNE=
google.golang.org/protobuf v1.21.0 h1:qdOKuR/EIArgaWNjetjgTzgVTAZ+S/WXVrq9HW9zimw=
google.golang.org/protobuf v1.21.0/go.mod h1:47Nbq4nVaFHyn7ilMalzfO3qCViNmqZ2kzikPIcrTAo=
